{
    "_readme": [
        "This file locks the dependencies of your project to a known state",
        "Read more about it at https://getcomposer.org/doc/01-basic-usage.md#composer-lock-the-lock-file",
        "This file is @generated automatically"
    ],
    "hash": "1ec983759114cd7c04012800e7476a5a",
    "content-hash": "dd232bebd2dde870486ee2d822e85dc5",
    "packages": [
        {
            "name": "garethmidwood/codebasehq-php",
            "version": "1.1.2",
            "source": {
                "type": "git",
                "url": "https://github.com/garethmidwood/codebasehq-php.git",
                "reference": "ead0fee85e48a03b34379703542900cb53d1442c"
            },
            "dist": {
                "type": "zip",
                "url": "https://api.github.com/repos/garethmidwood/codebasehq-php/zipball/ead0fee85e48a03b34379703542900cb53d1442c",
                "reference": "ead0fee85e48a03b34379703542900cb53d1442c",
                "shasum": ""
            },
            "type": "library",
            "autoload": {
                "psr-4": {
                    "GarethMidwood\\": "GarethMidwood"
                }
            },
            "notification-url": "https://packagist.org/downloads/",
            "authors": [
                {
                    "name": "Gareth Midwood",
                    "email": "gareth.midwood@creode.co.uk"
                }
            ],
            "description": "A PHP library for the CodebaseHQ API",
            "time": "2019-03-12 20:58:05"
        }
    ],
    "packages-dev": [],
    "aliases": [],
    "minimum-stability": "stable",
    "stability-flags": [],
    "prefer-stable": false,
    "prefer-lowest": false,
    "platform": [],
    "platform-dev": []
}
